// !$*UTF8*$!
{
	archiveVersion = 1;
	classes = {
	};
	objectVersion = 50;
	objects = {

/* Begin PBXBuildFile section */
		01F01DEA232638D0009D8999 /* AppDelegate.swift in Sources */ = {isa = PBXBuildFile; fileRef = 01F01DE9232638D0009D8999 /* AppDelegate.swift */; };
		01F01DEF232638D0009D8999 /* Main.storyboard in Resources */ = {isa = PBXBuildFile; fileRef = 01F01DED232638D0009D8999 /* Main.storyboard */; };
		01F01DF1232638D1009D8999 /* Assets.xcassets in Resources */ = {isa = PBXBuildFile; fileRef = 01F01DF0232638D1009D8999 /* Assets.xcassets */; };
		01F01DF4232638D1009D8999 /* LaunchScreen.storyboard in Resources */ = {isa = PBXBuildFile; fileRef = 01F01DF2232638D1009D8999 /* LaunchScreen.storyboard */; };
		01F01E0123263AEE009D8999 /* HNTabBar.swift in Sources */ = {isa = PBXBuildFile; fileRef = 01F01E0023263AEE009D8999 /* HNTabBar.swift */; };
		01F01E0223263AEE009D8999 /* HNTabBarItemConfig.swift in Sources */ = {isa = PBXBuildFile; fileRef = 01F01DFF23263AEE009D8999 /* HNTabBarItemConfig.swift */; };
		01F01E0323263AEE009D8999 /* HNTabBaritem.swift in Sources */ = {isa = PBXBuildFile; fileRef = 01F01DFE23263AEE009D8999 /* HNTabBaritem.swift */; };
		01F01E0423263AEE009D8999 /* HNTabBarController.swift in Sources */ = {isa = PBXBuildFile; fileRef = 01F01DFD23263AEE009D8999 /* HNTabBarController.swift */; };
		01F01E0723263BFA009D8999 /* HNBaseConfig.swift in Sources */ = {isa = PBXBuildFile; fileRef = 01F01E0623263BFA009D8999 /* HNBaseConfig.swift */; };
		01F01E0923263C6D009D8999 /* HNHomeViewController.swift in Sources */ = {isa = PBXBuildFile; fileRef = 01F01E0823263C6D009D8999 /* HNHomeViewController.swift */; };
		01F01E0B23263C87009D8999 /* HNFeedViewController.swift in Sources */ = {isa = PBXBuildFile; fileRef = 01F01E0A23263C87009D8999 /* HNFeedViewController.swift */; };
		01F01E0D23263C9A009D8999 /* HNProfileViewController.swift in Sources */ = {isa = PBXBuildFile; fileRef = 01F01E0C23263C9A009D8999 /* HNProfileViewController.swift */; };
/* End PBXBuildFile section */

/* Begin PBXFileReference section */
		01F01DE6232638D0009D8999 /* HNTabBarControllerDemo.app */ = {isa = PBXFileReference; explicitFileType = wrapper.application; includeInIndex = 0; path = HNTabBarControllerDemo.app; sourceTree = BUILT_PRODUCTS_DIR; };
		01F01DE9232638D0009D8999 /* AppDelegate.swift */ = {isa = PBXFileReference; lastKnownFileType = sourcecode.swift; path = AppDelegate.swift; sourceTree = "<group>"; };
		01F01DEE232638D0009D8999 /* Base */ = {isa = PBXFileReference; lastKnownFileType = file.storyboard; name = Base; path = Base.lproj/Main.storyboard; sourceTree = "<group>"; };
		01F01DF0232638D1009D8999 /* Assets.xcassets */ = {isa = PBXFileReference; lastKnownFileType = folder.assetcatalog; path = Assets.xcassets; sourceTree = "<group>"; };
		01F01DF3232638D1009D8999 /* Base */ = {isa = PBXFileReference; lastKnownFileType = file.storyboard; name = Base; path = Base.lproj/LaunchScreen.storyboard; sourceTree = "<group>"; };
		01F01DF5232638D1009D8999 /* Info.plist */ = {isa = PBXFileReference; lastKnownFileType = text.plist.xml; path = Info.plist; sourceTree = "<group>"; };
		01F01DFD23263AEE009D8999 /* HNTabBarController.swift */ = {isa = PBXFileReference; lastKnownFileType = sourcecode.swift; path = HNTabBarController.swift; sourceTree = "<group>"; };
		01F01DFE23263AEE009D8999 /* HNTabBaritem.swift */ = {isa = PBXFileReference; lastKnownFileType = sourcecode.swift; path = HNTabBaritem.swift; sourceTree = "<group>"; };
		01F01DFF23263AEE009D8999 /* HNTabBarItemConfig.swift */ = {isa = PBXFileReference; lastKnownFileType = sourcecode.swift; path = HNTabBarItemConfig.swift; sourceTree = "<group>"; };
		01F01E0023263AEE009D8999 /* HNTabBar.swift */ = {isa = PBXFileReference; lastKnownFileType = sourcecode.swift; path = HNTabBar.swift; sourceTree = "<group>"; };
		01F01E0623263BFA009D8999 /* HNBaseConfig.swift */ = {isa = PBXFileReference; fileEncoding = 4; lastKnownFileType = sourcecode.swift; path = HNBaseConfig.swift; sourceTree = "<group>"; };
		01F01E0823263C6D009D8999 /* HNHomeViewController.swift */ = {isa = PBXFileReference; lastKnownFileType = sourcecode.swift; path = HNHomeViewController.swift; sourceTree = "<group>"; };
		01F01E0A23263C87009D8999 /* HNFeedViewController.swift */ = {isa = PBXFileReference; lastKnownFileType = sourcecode.swift; path = HNFeedViewController.swift; sourceTree = "<group>"; };
		01F01E0C23263C9A009D8999 /* HNProfileViewController.swift */ = {isa = PBXFileReference; lastKnownFileType = sourcecode.swift; path = HNProfileViewController.swift; sourceTree = "<group>"; };
/* End PBXFileReference section */

/* Begin PBXFrameworksBuildPhase section */
		01F01DE3232638D0009D8999 /* Frameworks */ = {
			isa = PBXFrameworksBuildPhase;
			buildActionMask = 2147483647;
			files = (
			);
			runOnlyForDeploymentPostprocessing = 0;
		};
/* End PBXFrameworksBuildPhase section */

/* Begin PBXGroup section */
		01F01DDD232638D0009D8999 = {
			isa = PBXGroup;
			children = (
				01F01DE8232638D0009D8999 /* HNTabBarControllerDemo */,
				01F01DE7232638D0009D8999 /* Products */,
			);
			sourceTree = "<group>";
		};
		01F01DE7232638D0009D8999 /* Products */ = {
			isa = PBXGroup;
			children = (
				01F01DE6232638D0009D8999 /* HNTabBarControllerDemo.app */,
			);
			name = Products;
			sourceTree = "<group>";
		};
		01F01DE8232638D0009D8999 /* HNTabBarControllerDemo */ = {
			isa = PBXGroup;
			children = (
				01F01E0623263BFA009D8999 /* HNBaseConfig.swift */,
				01F01E0523263B48009D8999 /* source */,
				01F01DE9232638D0009D8999 /* AppDelegate.swift */,
				01F01E0823263C6D009D8999 /* HNHomeViewController.swift */,
				01F01E0A23263C87009D8999 /* HNFeedViewController.swift */,
				01F01E0C23263C9A009D8999 /* HNProfileViewController.swift */,
				01F01DED232638D0009D8999 /* Main.storyboard */,
				01F01DF0232638D1009D8999 /* Assets.xcassets */,
				01F01DF2232638D1009D8999 /* LaunchScreen.storyboard */,
				01F01DF5232638D1009D8999 /* Info.plist */,
			);
			path = HNTabBarControllerDemo;
			sourceTree = "<group>";
		};
		01F01E0523263B48009D8999 /* source */ = {
			isa = PBXGroup;
			children = (
				01F01E0023263AEE009D8999 /* HNTabBar.swift */,
				01F01DFD23263AEE009D8999 /* HNTabBarController.swift */,
				01F01DFE23263AEE009D8999 /* HNTabBaritem.swift */,
				01F01DFF23263AEE009D8999 /* HNTabBarItemConfig.swift */,
			);
			path = source;
			sourceTree = "<group>";
		};
/* End PBXGroup section */

/* Begin PBXNativeTarget section */
		01F01DE5232638D0009D8999 /* HNTabBarControllerDemo */ = {
			isa = PBXNativeTarget;
			buildConfigurationList = 01F01DF8232638D1009D8999 /* Build configuration list for PBXNativeTarget "HNTabBarControllerDemo" */;
			buildPhases = (
				01F01DE2232638D0009D8999 /* Sources */,
				01F01DE3232638D0009D8999 /* Frameworks */,
				01F01DE4232638D0009D8999 /* Resources */,
			);
			buildRules = (
			);
			dependencies = (
			);
			name = HNTabBarControllerDemo;
			productName = HNTabBarControllerDemo;
			productReference = 01F01DE6232638D0009D8999 /* HNTabBarControllerDemo.app */;
			productType = "com.apple.product-type.application";
		};
/* End PBXNativeTarget section */

/* Begin PBXProject section */
		01F01DDE232638D0009D8999 /* Project object */ = {
			isa = PBXProject;
			attributes = {
				LastSwiftUpdateCheck = 1030;
				LastUpgradeCheck = 1030;
				ORGANIZATIONNAME = liuxn;
				TargetAttributes = {
					01F01DE5232638D0009D8999 = {
						CreatedOnToolsVersion = 10.3;
					};
				};
			};
			buildConfigurationList = 01F01DE1232638D0009D8999 /* Build configuration list for PBXProject "HNTabBarControllerDemo" */;
			compatibilityVersion = "Xcode 9.3";
			developmentRegion = en;
			hasScannedForEncodings = 0;
			knownRegions = (
				en,
				Base,
			);
			mainGroup = 01F01DDD232638D0009D8999;
			productRefGroup = 01F01DE7232638D0009D8999 /* Products */;
			projectDirPath = "";
			projectRoot = "";
			targets = (
				01F01DE5232638D0009D8999 /* HNTabBarControllerDemo */,
			);
		};
/* End PBXProject section */

/* Begin PBXResourcesBuildPhase section */
		01F01DE4232638D0009D8999 /* Resources */ = {
			isa = PBXResourcesBuildPhase;
			buildActionMask = 2147483647;
			files = (
				01F01DF4232638D1009D8999 /* LaunchScreen.storyboard in Resources */,
				01F01DF1232638D1009D8999 /* Assets.xcassets in Resources */,
				01F01DEF232638D0009D8999 /* Main.storyboard in Resources */,
			);
			runOnlyForDeploymentPostprocessing = 0;
		};
/* End PBXResourcesBuildPhase section */

/* Begin PBXSourcesBuildPhase section */
		01F01DE2232638D0009D8999 /* Sources */ = {
			isa = PBXSourcesBuildPhase;
			buildActionMask = 2147483647;
			files = (
				01F01E0123263AEE009D8999 /* HNTabBar.swift in Sources */,
				01F01E0323263AEE009D8999 /* HNTabBaritem.swift in Sources */,
				01F01E0723263BFA009D8999 /* HNBaseConfig.swift in Sources */,
				01F01E0423263AEE009D8999 /* HNTabBarController.swift in Sources */,
				01F01E0223263AEE009D8999 /* HNTabBarItemConfig.swift in Sources */,
				01F01E0D23263C9A009D8999 /* HNProfileViewController.swift in Sources */,
				01F01E0923263C6D009D8999 /* HNHomeViewController.swift in Sources */,
				01F01E0B23263C87009D8999 /* HNFeedViewController.swift in Sources */,
				01F01DEA232638D0009D8999 /* AppDelegate.swift in Sources */,
			);
			runOnlyForDeploymentPostprocessing = 0;
		};
/* End PBXSourcesBuildPhase section */

/* Begin PBXVariantGroup section */
		01F01DED232638D0009D8999 /* Main.storyboard */ = {
			isa = PBXVariantGroup;
			children = (
				01F01DEE232638D0009D8999 /* Base */,
			);
			name = Main.storyboard;
			sourceTree = "<group>";
		};
		01F01DF2232638D1009D8999 /* LaunchScreen.storyboard */ = {
			isa = PBXVariantGroup;
			children = (
				01F01DF3232638D1009D8999 /* Base */,
			);
			name = LaunchScreen.storyboard;
			sourceTree = "<group>";
		};
/* End PBXVariantGroup section */

/* Begin XCBuildConfiguration section */
		01F01DF6232638D1009D8999 /* Debug */ = {
			isa = XCBuildConfiguration;
			buildSettings = {
				ALWAYS_SEARCH_USER_PATHS = NO;
				CLANG_ANALYZER_NONNULL = YES;
				CLANG_ANALYZER_NUMBER_OBJECT_CONVERSION = YES_AGGRESSIVE;
				CLANG_CXX_LANGUAGE_STANDARD = "gnu++14";
				CLANG_CXX_LIBRARY = "libc++";
				CLANG_ENABLE_MODULES = YES;
				CLANG_ENABLE_OBJC_ARC = YES;
				CLANG_ENABLE_OBJC_WEAK = YES;
				CLANG_WARN_BLOCK_CAPTURE_AUTORELEASING = YES;
				CLANG_WARN_BOOL_CONVERSION = YES;
				CLANG_WARN_COMMA = YES;
				CLANG_WARN_CONSTANT_CONVERSION = YES;
				CLANG_WARN_DEPRECATED_OBJC_IMPLEMENTATIONS = YES;
				CLANG_WARN_DIRECT_OBJC_ISA_USAGE = YES_ERROR;
				CLANG_WARN_DOCUMENTATION_COMMENTS = YES;
				CLANG_WARN_EMPTY_BODY = YES;
				CLANG_WARN_ENUM_CONVERSION = YES;
				CLANG_WARN_INFINITE_RECURSION = YES;
				CLANG_WARN_INT_CONVERSION = YES;
				CLANG_WARN_NON_LITERAL_NULL_CONVERSION = YES;
				CLANG_WARN_OBJC_IMPLICIT_RETAIN_SELF = YES;
				CLANG_WARN_OBJC_LITERAL_CONVERSION = YES;
				CLANG_WARN_OBJC_ROOT_CLASS = YES_ERROR;
				CLANG_WARN_RANGE_LOOP_ANALYSIS = YES;
				CLANG_WARN_STRICT_PROTOTYPES = YES;
				CLANG_WARN_SUSPICIOUS_MOVE = YES;
				CLANG_WARN_UNGUARDED_AVAILABILITY = YES_AGGRESSIVE;
				CLANG_WARN_UNREACHABLE_CODE = YES;
				CLANG_WARN__DUPLICATE_METHOD_MATCH = YES;
				CODE_SIGN_IDENTITY = "iPhone Developer";
				COPY_PHASE_STRIP = NO;
				DEBUG_INFORMATION_FORMAT = dwarf;
				ENABLE_STRICT_OBJC_MSGSEND = YES;
				ENABLE_TESTABILITY = YES;
				GCC_C_LANGUAGE_STANDARD = gnu11;
				GCC_DYNAMIC_NO_PIC = NO;
				GCC_NO_COMMON_BLOCKS = YES;
				GCC_OPTIMIZATION_LEVEL = 0;
				GCC_PREPROCESSOR_DEFINITIONS = (
					"DEBUG=1",
					"$(inherited)",
				);
				GCC_WARN_64_TO_32_BIT_CONVERSION = YES;
				GCC_WARN_ABOUT_RETURN_TYPE = YES_ERROR;
				GCC_WARN_UNDECLARED_SELECTOR = YES;
				GCC_WARN_UNINITIALIZED_AUTOS = YES_AGGRESSIVE;
				GCC_WARN_UNUSED_FUNCTION = YES;
				GCC_WARN_UNUSED_VARIABLE = YES;
				IPHONEOS_DEPLOYMENT_TARGET = 12.4;
				MTL_ENABLE_DEBUG_INFO = INCLUDE_SOURCE;
				MTL_FAST_MATH = YES;
				ONLY_ACTIVE_ARCH = YES;
				SDKROOT = iphoneos;
				SWIFT_ACTIVE_COMPILATION_CONDITIONS = DEBUG;
				SWIFT_OPTIMIZATION_LEVEL = "-Onone";
			};
			name = Debug;
		};
		01F01DF7232638D1009D8999 /* Release */ = {
			isa = XCBuildConfiguration;
			buildSettings = {
				ALWAYS_SEARCH_USER_PATHS = NO;
				CLANG_ANALYZER_NONNULL = YES;
				CLANG_ANALYZER_NUMBER_OBJECT_CONVERSION = YES_AGGRESSIVE;
				CLANG_CXX_LANGUAGE_STANDARD = "gnu++14";
				CLANG_CXX_LIBRARY = "libc++";
				CLANG_ENABLE_MODULES = YES;
				CLANG_ENABLE_OBJC_ARC = YES;
				CLANG_ENABLE_OBJC_WEAK = YES;
				CLANG_WARN_BLOCK_CAPTURE_AUTORELEASING = YES;
				CLANG_WARN_BOOL_CONVERSION = YES;
				CLANG_WARN_COMMA = YES;
				CLANG_WARN_CONSTANT_CONVERSION = YES;
				CLANG_WARN_DEPRECATED_OBJC_IMPLEMENTATIONS = YES;
				CLANG_WARN_DIRECT_OBJC_ISA_USAGE = YES_ERROR;
				CLANG_WARN_DOCUMENTATION_COMMENTS = YES;
				CLANG_WARN_EMPTY_BODY = YES;
				CLANG_WARN_ENUM_CONVERSION = YES;
				CLANG_WARN_INFINITE_RECURSION = YES;
				CLANG_WARN_INT_CONVERSION = YES;
				CLANG_WARN_NON_LITERAL_NULL_CONVERSION = YES;
				CLANG_WARN_OBJC_IMPLICIT_RETAIN_SELF = YES;
				CLANG_WARN_OBJC_LITERAL_CONVERSION = YES;
				CLANG_WARN_OBJC_ROOT_CLASS = YES_ERROR;
				CLANG_WARN_RANGE_LOOP_ANALYSIS = YES;
				CLANG_WARN_STRICT_PROTOTYPES = YES;
				CLANG_WARN_SUSPICIOUS_MOVE = YES;
				CLANG_WARN_UNGUARDED_AVAILABILITY = YES_AGGRESSIVE;
				CLANG_WARN_UNREACHABLE_CODE = YES;
				CLANG_WARN__DUPLICATE_METHOD_MATCH = YES;
				CODE_SIGN_IDENTITY = "iPhone Developer";
				COPY_PHASE_STRIP = NO;
				DEBUG_INFORMATION_FORMAT = "dwarf-with-dsym";
				ENABLE_NS_ASSERTIONS = NO;
				ENABLE_STRICT_OBJC_MSGSEND = YES;
				GCC_C_LANGUAGE_STANDARD = gnu11;
				GCC_NO_COMMON_BLOCKS = YES;
				GCC_WARN_64_TO_32_BIT_CONVERSION = YES;
				GCC_WARN_ABOUT_RETURN_TYPE = YES_ERROR;
				GCC_WARN_UNDECLARED_SELECTOR = YES;
				GCC_WARN_UNINITIALIZED_AUTOS = YES_AGGRESSIVE;
				GCC_WARN_UNUSED_FUNCTION = YES;
				GCC_WARN_UNUSED_VARIABLE = YES;
				IPHONEOS_DEPLOYMENT_TARGET = 12.4;
				MTL_ENABLE_DEBUG_INFO = NO;
				MTL_FAST_MATH = YES;
				SDKROOT = iphoneos;
				SWIFT_COMPILATION_MODE = wholemodule;
				SWIFT_OPTIMIZATION_LEVEL = "-O";
				VALIDATE_PRODUCT = YES;
			};
			name = Release;
		};
		01F01DF9232638D1009D8999 /* Debug */ = {
			isa = XCBuildConfiguration;
			buildSettings = {
				ASSETCATALOG_COMPILER_APPICON_NAME = AppIcon;
				CODE_SIGN_STYLE = Automatic;
				DEVELOPMENT_TEAM = 6733ST2XN2;
				INFOPLIST_FILE = HNTabBarControllerDemo/Info.plist;
				LD_RUNPATH_SEARCH_PATHS = (
					"$(inherited)",
					"@executable_path/Frameworks",
				);
				PRODUCT_BUNDLE_IDENTIFIER = com.liuxn..HNTabBarControllerDemo;
				PRODUCT_NAME = "$(TARGET_NAME)";
				SWIFT_VERSION = 5.0;
				TARGETED_DEVICE_FAMILY = "1,2";
			};
			name = Debug;
		};
		01F01DFA232638D1009D8999 /* Release */ = {
			isa = XCBuildConfiguration;
			buildSettings = {
				ASSETCATALOG_COMPILER_APPICON_NAME = AppIcon;
				CODE_SIGN_STYLE = Automatic;
				DEVELOPMENT_TEAM = 6733ST2XN2;
				INFOPLIST_FILE = HNTabBarControllerDemo/Info.plist;
				LD_RUNPATH_SEARCH_PATHS = (
					"$(inherited)",
					"@executable_path/Frameworks",
				);
				PRODUCT_BUNDLE_IDENTIFIER = com.liuxn..HNTabBarControllerDemo;
				PRODUCT_NAME = "$(TARGET_NAME)";
				SWIFT_VERSION = 5.0;
				TARGETED_DEVICE_FAMILY = "1,2";
			};
			name = Release;
		};
/* End XCBuildConfiguration section */

/* Begin XCConfigurationList section */
		01F01DE1232638D0009D8999 /* Build configuration list for PBXProject "HNTabBarControllerDemo" */ = {
			isa = XCConfigurationList;
			buildConfigurations = (
				01F01DF6232638D1009D8999 /* Debug */,
				01F01DF7232638D1009D8999 /* Release */,
			);
			defaultConfigurationIsVisible = 0;
			defaultConfigurationName = Release;
		};
		01F01DF8232638D1009D8999 /* Build configuration list for PBXNativeTarget "HNTabBarControllerDemo" */ = {
			isa = XCConfigurationList;
			buildConfigurations = (
				01F01DF9232638D1009D8999 /* Debug */,
				01F01DFA232638D1009D8999 /* Release */,
			);
			defaultConfigurationIsVisible = 0;
			defaultConfigurationName = Release;
		};
/* End XCConfigurationList section */
	};
	rootObject = 01F01DDE232638D0009D8999 /* Project object */;
}
